// !$*UTF8*$!
{
	archiveVersion = 1;
	classes = {
	};
	objectVersion = 50;
	objects = {

/* Begin PBXBuildFile section */
		36FE477D2229F9A40074582D /* AppDelegate.swift in Sources */ = {isa = PBXBuildFile; fileRef = 36FE477C2229F9A40074582D /* AppDelegate.swift */; };
		36FE47822229F9A40074582D /* Main.storyboard in Resources */ = {isa = PBXBuildFile; fileRef = 36FE47802229F9A40074582D /* Main.storyboard */; };
		36FE47842229F9A40074582D /* Assets.xcassets in Resources */ = {isa = PBXBuildFile; fileRef = 36FE47832229F9A40074582D /* Assets.xcassets */; };
		36FE47872229F9A40074582D /* LaunchScreen.storyboard in Resources */ = {isa = PBXBuildFile; fileRef = 36FE47852229F9A40074582D /* LaunchScreen.storyboard */; };
		36FE47922229FAD90074582D /* ListsTableViewController.swift in Sources */ = {isa = PBXBuildFile; fileRef = 36FE47912229FAD90074582D /* ListsTableViewController.swift */; };
		36FE47942229FBE40074582D /* ListTableViewCell.swift in Sources */ = {isa = PBXBuildFile; fileRef = 36FE47932229FBE40074582D /* ListTableViewCell.swift */; };
/* End PBXBuildFile section */

/* Begin PBXFileReference section */
		36FE47792229F9A40074582D /* Leesta.app */ = {isa = PBXFileReference; explicitFileType = wrapper.application; includeInIndex = 0; path = Leesta.app; sourceTree = BUILT_PRODUCTS_DIR; };
		36FE477C2229F9A40074582D /* AppDelegate.swift */ = {isa = PBXFileReference; lastKnownFileType = sourcecode.swift; path = AppDelegate.swift; sourceTree = "<group>"; };
		36FE47812229F9A40074582D /* Base */ = {isa = PBXFileReference; lastKnownFileType = file.storyboard; name = Base; path = Base.lproj/Main.storyboard; sourceTree = "<group>"; };
		36FE47832229F9A40074582D /* Assets.xcassets */ = {isa = PBXFileReference; lastKnownFileType = folder.assetcatalog; path = Assets.xcassets; sourceTree = "<group>"; };
		36FE47862229F9A40074582D /* Base */ = {isa = PBXFileReference; lastKnownFileType = file.storyboard; name = Base; path = Base.lproj/LaunchScreen.storyboard; sourceTree = "<group>"; };
		36FE47882229F9A40074582D /* Info.plist */ = {isa = PBXFileReference; lastKnownFileType = text.plist.xml; path = Info.plist; sourceTree = "<group>"; };
		36FE47912229FAD90074582D /* ListsTableViewController.swift */ = {isa = PBXFileReference; lastKnownFileType = sourcecode.swift; path = ListsTableViewController.swift; sourceTree = "<group>"; };
		36FE47932229FBE40074582D /* ListTableViewCell.swift */ = {isa = PBXFileReference; lastKnownFileType = sourcecode.swift; path = ListTableViewCell.swift; sourceTree = "<group>"; };
/* End PBXFileReference section */

/* Begin PBXFrameworksBuildPhase section */
		36FE47762229F9A40074582D /* Frameworks */ = {
			isa = PBXFrameworksBuildPhase;
			buildActionMask = 2147483647;
			files = (
			);
			runOnlyForDeploymentPostprocessing = 0;
		};
/* End PBXFrameworksBuildPhase section */

/* Begin PBXGroup section */
		36FE47702229F9A40074582D = {
			isa = PBXGroup;
			children = (
				36FE477B2229F9A40074582D /* Leesta */,
				36FE477A2229F9A40074582D /* Products */,
			);
			sourceTree = "<group>";
		};
		36FE477A2229F9A40074582D /* Products */ = {
			isa = PBXGroup;
			children = (
				36FE47792229F9A40074582D /* Leesta.app */,
			);
			name = Products;
			sourceTree = "<group>";
		};
		36FE477B2229F9A40074582D /* Leesta */ = {
			isa = PBXGroup;
			children = (
				36FE47902229FAB80074582D /* Model */,
				36FE478F2229FAB00074582D /* View */,
				36FE478E2229FAA80074582D /* Controller */,
				36FE477C2229F9A40074582D /* AppDelegate.swift */,
				36FE47802229F9A40074582D /* Main.storyboard */,
				36FE47832229F9A40074582D /* Assets.xcassets */,
				36FE47852229F9A40074582D /* LaunchScreen.storyboard */,
				36FE47882229F9A40074582D /* Info.plist */,
			);
			path = Leesta;
			sourceTree = "<group>";
		};
		36FE478E2229FAA80074582D /* Controller */ = {
			isa = PBXGroup;
			children = (
				36FE47912229FAD90074582D /* ListsTableViewController.swift */,
			);
			path = Controller;
			sourceTree = "<group>";
		};
		36FE478F2229FAB00074582D /* View */ = {
			isa = PBXGroup;
			children = (
			);
			path = View;
			sourceTree = "<group>";
		};
		36FE47902229FAB80074582D /* Model */ = {
			isa = PBXGroup;
			children = (
				36FE47932229FBE40074582D /* ListTableViewCell.swift */,
			);
			path = Model;
			sourceTree = "<group>";
		};
/* End PBXGroup section */

/* Begin PBXNativeTarget section */
		36FE47782229F9A40074582D /* Leesta */ = {
			isa = PBXNativeTarget;
			buildConfigurationList = 36FE478B2229F9A40074582D /* Build configuration list for PBXNativeTarget "Leesta" */;
			buildPhases = (
				36FE47752229F9A40074582D /* Sources */,
				36FE47762229F9A40074582D /* Frameworks */,
				36FE47772229F9A40074582D /* Resources */,
			);
			buildRules = (
			);
			dependencies = (
			);
			name = Leesta;
			productName = Leesta;
			productReference = 36FE47792229F9A40074582D /* Leesta.app */;
			productType = "com.apple.product-type.application";
		};
/* End PBXNativeTarget section */

/* Begin PBXProject section */
		36FE47712229F9A40074582D /* Project object */ = {
			isa = PBXProject;
			attributes = {
				LastSwiftUpdateCheck = 1010;
				LastUpgradeCheck = 1010;
				ORGANIZATIONNAME = "George Garcia";
				TargetAttributes = {
					36FE47782229F9A40074582D = {
						CreatedOnToolsVersion = 10.1;
					};
				};
			};
			buildConfigurationList = 36FE47742229F9A40074582D /* Build configuration list for PBXProject "Leesta" */;
			compatibilityVersion = "Xcode 9.3";
			developmentRegion = en;
			hasScannedForEncodings = 0;
			knownRegions = (
				en,
				Base,
			);
			mainGroup = 36FE47702229F9A40074582D;
			productRefGroup = 36FE477A2229F9A40074582D /* Products */;
			projectDirPath = "";
			projectRoot = "";
			targets = (
				36FE47782229F9A40074582D /* Leesta */,
			);
		};
/* End PBXProject section */

/* Begin PBXResourcesBuildPhase section */
		36FE47772229F9A40074582D /* Resources */ = {
			isa = PBXResourcesBuildPhase;
			buildActionMask = 2147483647;
			files = (
				36FE47872229F9A40074582D /* LaunchScreen.storyboard in Resources */,
				36FE47842229F9A40074582D /* Assets.xcassets in Resources */,
				36FE47822229F9A40074582D /* Main.storyboard in Resources */,
			);
			runOnlyForDeploymentPostprocessing = 0;
		};
/* End PBXResourcesBuildPhase section */

/* Begin PBXSourcesBuildPhase section */
		36FE47752229F9A40074582D /* Sources */ = {
			isa = PBXSourcesBuildPhase;
			buildActionMask = 2147483647;
			files = (
				36FE477D2229F9A40074582D /* AppDelegate.swift in Sources */,
				36FE47922229FAD90074582D /* ListsTableViewController.swift in Sources */,
				36FE47942229FBE40074582D /* ListTableViewCell.swift in Sources */,
			);
			runOnlyForDeploymentPostprocessing = 0;
		};
/* End PBXSourcesBuildPhase section */

/* Begin PBXVariantGroup section */
		36FE47802229F9A40074582D /* Main.storyboard */ = {
			isa = PBXVariantGroup;
			children = (
				36FE47812229F9A40074582D /* Base */,
			);
			name = Main.storyboard;
			sourceTree = "<group>";
		};
		36FE47852229F9A40074582D /* LaunchScreen.storyboard */ = {
			isa = PBXVariantGroup;
			children = (
				36FE47862229F9A40074582D /* Base */,
			);
			name = LaunchScreen.storyboard;
			sourceTree = "<group>";
		};
/* End PBXVariantGroup section */

/* Begin XCBuildConfiguration section */
		36FE47892229F9A40074582D /* Debug */ = {
			isa = XCBuildConfiguration;
			buildSettings = {
				ALWAYS_SEARCH_USER_PATHS = NO;
				CLANG_ANALYZER_NONNULL = YES;
				CLANG_ANALYZER_NUMBER_OBJECT_CONVERSION = YES_AGGRESSIVE;
				CLANG_CXX_LANGUAGE_STANDARD = "gnu++14";
				CLANG_CXX_LIBRARY = "libc++";
				CLANG_ENABLE_MODULES = YES;
				CLANG_ENABLE_OBJC_ARC = YES;
				CLANG_ENABLE_OBJC_WEAK = YES;
				CLANG_WARN_BLOCK_CAPTURE_AUTORELEASING = YES;
				CLANG_WARN_BOOL_CONVERSION = YES;
				CLANG_WARN_COMMA = YES;
				CLANG_WARN_CONSTANT_CONVERSION = YES;
				CLANG_WARN_DEPRECATED_OBJC_IMPLEMENTATIONS = YES;
				CLANG_WARN_DIRECT_OBJC_ISA_USAGE = YES_ERROR;
				CLANG_WARN_DOCUMENTATION_COMMENTS = YES;
				CLANG_WARN_EMPTY_BODY = YES;
				CLANG_WARN_ENUM_CONVERSION = YES;
				CLANG_WARN_INFINITE_RECURSION = YES;
				CLANG_WARN_INT_CONVERSION = YES;
				CLANG_WARN_NON_LITERAL_NULL_CONVERSION = YES;
				CLANG_WARN_OBJC_IMPLICIT_RETAIN_SELF = YES;
				CLANG_WARN_OBJC_LITERAL_CONVERSION = YES;
				CLANG_WARN_OBJC_ROOT_CLASS = YES_ERROR;
				CLANG_WARN_RANGE_LOOP_ANALYSIS = YES;
				CLANG_WARN_STRICT_PROTOTYPES = YES;
				CLANG_WARN_SUSPICIOUS_MOVE = YES;
				CLANG_WARN_UNGUARDED_AVAILABILITY = YES_AGGRESSIVE;
				CLANG_WARN_UNREACHABLE_CODE = YES;
				CLANG_WARN__DUPLICATE_METHOD_MATCH = YES;
				CODE_SIGN_IDENTITY = "iPhone Developer";
				COPY_PHASE_STRIP = NO;
				DEBUG_INFORMATION_FORMAT = dwarf;
				ENABLE_STRICT_OBJC_MSGSEND = YES;
				ENABLE_TESTABILITY = YES;
				GCC_C_LANGUAGE_STANDARD = gnu11;
				GCC_DYNAMIC_NO_PIC = NO;
				GCC_NO_COMMON_BLOCKS = YES;
				GCC_OPTIMIZATION_LEVEL = 0;
				GCC_PREPROCESSOR_DEFINITIONS = (
					"DEBUG=1",
					"$(inherited)",
				);
				GCC_WARN_64_TO_32_BIT_CONVERSION = YES;
				GCC_WARN_ABOUT_RETURN_TYPE = YES_ERROR;
				GCC_WARN_UNDECLARED_SELECTOR = YES;
				GCC_WARN_UNINITIALIZED_AUTOS = YES_AGGRESSIVE;
				GCC_WARN_UNUSED_FUNCTION = YES;
				GCC_WARN_UNUSED_VARIABLE = YES;
				IPHONEOS_DEPLOYMENT_TARGET = 12.1;
				MTL_ENABLE_DEBUG_INFO = INCLUDE_SOURCE;
				MTL_FAST_MATH = YES;
				ONLY_ACTIVE_ARCH = YES;
				SDKROOT = iphoneos;
				SWIFT_ACTIVE_COMPILATION_CONDITIONS = DEBUG;
				SWIFT_OPTIMIZATION_LEVEL = "-Onone";
			};
			name = Debug;
		};
		36FE478A2229F9A40074582D /* Release */ = {
			isa = XCBuildConfiguration;
			buildSettings = {
				ALWAYS_SEARCH_USER_PATHS = NO;
				CLANG_ANALYZER_NONNULL = YES;
				CLANG_ANALYZER_NUMBER_OBJECT_CONVERSION = YES_AGGRESSIVE;
				CLANG_CXX_LANGUAGE_STANDARD = "gnu++14";
				CLANG_CXX_LIBRARY = "libc++";
				CLANG_ENABLE_MODULES = YES;
				CLANG_ENABLE_OBJC_ARC = YES;
				CLANG_ENABLE_OBJC_WEAK = YES;
				CLANG_WARN_BLOCK_CAPTURE_AUTORELEASING = YES;
				CLANG_WARN_BOOL_CONVERSION = YES;
				CLANG_WARN_COMMA = YES;
				CLANG_WARN_CONSTANT_CONVERSION = YES;
				CLANG_WARN_DEPRECATED_OBJC_IMPLEMENTATIONS = YES;
				CLANG_WARN_DIRECT_OBJC_ISA_USAGE = YES_ERROR;
				CLANG_WARN_DOCUMENTATION_COMMENTS = YES;
				CLANG_WARN_EMPTY_BODY = YES;
				CLANG_WARN_ENUM_CONVERSION = YES;
				CLANG_WARN_INFINITE_RECURSION = YES;
				CLANG_WARN_INT_CONVERSION = YES;
				CLANG_WARN_NON_LITERAL_NULL_CONVERSION = YES;
				CLANG_WARN_OBJC_IMPLICIT_RETAIN_SELF = YES;
				CLANG_WARN_OBJC_LITERAL_CONVERSION = YES;
				CLANG_WARN_OBJC_ROOT_CLASS = YES_ERROR;
				CLANG_WARN_RANGE_LOOP_ANALYSIS = YES;
				CLANG_WARN_STRICT_PROTOTYPES = YES;
				CLANG_WARN_SUSPICIOUS_MOVE = YES;
				CLANG_WARN_UNGUARDED_AVAILABILITY = YES_AGGRESSIVE;
				CLANG_WARN_UNREACHABLE_CODE = YES;
				CLANG_WARN__DUPLICATE_METHOD_MATCH = YES;
				CODE_SIGN_IDENTITY = "iPhone Developer";
				COPY_PHASE_STRIP = NO;
				DEBUG_INFORMATION_FORMAT = "dwarf-with-dsym";
				ENABLE_NS_ASSERTIONS = NO;
				ENABLE_STRICT_OBJC_MSGSEND = YES;
				GCC_C_LANGUAGE_STANDARD = gnu11;
				GCC_NO_COMMON_BLOCKS = YES;
				GCC_WARN_64_TO_32_BIT_CONVERSION = YES;
				GCC_WARN_ABOUT_RETURN_TYPE = YES_ERROR;
				GCC_WARN_UNDECLARED_SELECTOR = YES;
				GCC_WARN_UNINITIALIZED_AUTOS = YES_AGGRESSIVE;
				GCC_WARN_UNUSED_FUNCTION = YES;
				GCC_WARN_UNUSED_VARIABLE = YES;
				IPHONEOS_DEPLOYMENT_TARGET = 12.1;
				MTL_ENABLE_DEBUG_INFO = NO;
				MTL_FAST_MATH = YES;
				SDKROOT = iphoneos;
				SWIFT_COMPILATION_MODE = wholemodule;
				SWIFT_OPTIMIZATION_LEVEL = "-O";
				VALIDATE_PRODUCT = YES;
			};
			name = Release;
		};
		36FE478C2229F9A40074582D /* Debug */ = {
			isa = XCBuildConfiguration;
			buildSettings = {
				ASSETCATALOG_COMPILER_APPICON_NAME = AppIcon;
				CODE_SIGN_STYLE = Automatic;
				DEVELOPMENT_TEAM = 2WCCWSFG99;
				INFOPLIST_FILE = Leesta/Info.plist;
				LD_RUNPATH_SEARCH_PATHS = (
					"$(inherited)",
					"@executable_path/Frameworks",
				);
				PRODUCT_BUNDLE_IDENTIFIER = com.GeeTeam.Leesta;
				PRODUCT_NAME = "$(TARGET_NAME)";
				SWIFT_VERSION = 4.2;
				TARGETED_DEVICE_FAMILY = "1,2";
			};
			name = Debug;
		};
		36FE478D2229F9A40074582D /* Release */ = {
			isa = XCBuildConfiguration;
			buildSettings = {
				ASSETCATALOG_COMPILER_APPICON_NAME = AppIcon;
				CODE_SIGN_STYLE = Automatic;
				DEVELOPMENT_TEAM = 2WCCWSFG99;
				INFOPLIST_FILE = Leesta/Info.plist;
				LD_RUNPATH_SEARCH_PATHS = (
					"$(inherited)",
					"@executable_path/Frameworks",
				);
				PRODUCT_BUNDLE_IDENTIFIER = com.GeeTeam.Leesta;
				PRODUCT_NAME = "$(TARGET_NAME)";
				SWIFT_VERSION = 4.2;
				TARGETED_DEVICE_FAMILY = "1,2";
			};
			name = Release;
		};
/* End XCBuildConfiguration section */

/* Begin XCConfigurationList section */
		36FE47742229F9A40074582D /* Build configuration list for PBXProject "Leesta" */ = {
			isa = XCConfigurationList;
			buildConfigurations = (
				36FE47892229F9A40074582D /* Debug */,
				36FE478A2229F9A40074582D /* Release */,
			);
			defaultConfigurationIsVisible = 0;
			defaultConfigurationName = Release;
		};
		36FE478B2229F9A40074582D /* Build configuration list for PBXNativeTarget "Leesta" */ = {
			isa = XCConfigurationList;
			buildConfigurations = (
				36FE478C2229F9A40074582D /* Debug */,
				36FE478D2229F9A40074582D /* Release */,
			);
			defaultConfigurationIsVisible = 0;
			defaultConfigurationName = Release;
		};
/* End XCConfigurationList section */
	};
	rootObject = 36FE47712229F9A40074582D /* Project object */;
}
